
Microsoft Visual Studio Solution File, Format Version 12.00
# Visual Studio Version 17
VisualStudioVersion = 17.11.35222.181
MinimumVisualStudioVersion = 10.0.40219.1
Project("{8BC9CEB8-8B4A-11D0-8D11-00A0C91BC942}") = "Mystack", "Mystack.vcxproj", "{E0D576EA-FEA5-4223-91CD-1DF93D1C13C6}"
EndProject
Global
	GlobalSection(SolutionConfigurationPlatforms) = preSolution
		Debug|x64 = Debug|x64
		Release|x64 = Release|x64
	EndGlobalSection
	GlobalSection(ProjectConfigurationPlatforms) = postSolution
		{E0D576EA-FEA5-4223-91CD-1DF93D1C13C6}.Debug|x64.ActiveCfg = Debug|x64
		{E0D576EA-FEA5-4223-91CD-1DF93D1C13C6}.Debug|x64.Build.0 = Debug|x64
		{E0D576EA-FEA5-4223-91CD-1DF93D1C13C6}.Release|x64.ActiveCfg = Release|x64
		{E0D576EA-FEA5-4223-91CD-1DF93D1C13C6}.Release|x64.Build.0 = Release|x64
	EndGlobalSection
	GlobalSection(SolutionProperties) = preSolution
		HideSolutionNode = FALSE
	EndGlobalSection
	GlobalSection(ExtensibilityGlobals) = postSolution
		SolutionGuid = {F79877D6-CF32-4C20-852C-055055E63D92}
	EndGlobalSection
EndGlobal
